
Microsoft Visual Studio Solution File, Format Version 12.00
# Visual Studio Version 16
VisualStudioVersion = 16.0.31829.152
MinimumVisualStudioVersion = 10.0.40219.1
Project("{FAE04EC0-301F-11D3-BF4B-00C04F79EFBC}") = "Assessment6Mock", "Assessment6Mock.csproj", "{885678D1-4389-418A-80C5-BC5250D76D72}"
EndProject
Global
	GlobalSection(SolutionConfigurationPlatforms) = preSolution
		Debug|Any CPU = Debug|Any CPU
		Release|Any CPU = Release|Any CPU
	EndGlobalSection
	GlobalSection(ProjectConfigurationPlatforms) = postSolution
		{885678D1-4389-418A-80C5-BC5250D76D72}.Debug|Any CPU.ActiveCfg = Debug|Any CPU
		{885678D1-4389-418A-80C5-BC5250D76D72}.Debug|Any CPU.Build.0 = Debug|Any CPU
		{885678D1-4389-418A-80C5-BC5250D76D72}.Release|Any CPU.ActiveCfg = Release|Any CPU
		{885678D1-4389-418A-80C5-BC5250D76D72}.Release|Any CPU.Build.0 = Release|Any CPU
	EndGlobalSection
	GlobalSection(SolutionProperties) = preSolution
		HideSolutionNode = FALSE
	EndGlobalSection
	GlobalSection(ExtensibilityGlobals) = postSolution
		SolutionGuid = {6CA129F1-27B9-4027-968E-9528FE3B6C8F}
	EndGlobalSection
EndGlobal
